
Microsoft Visual Studio Solution File, Format Version 12.00
# Visual Studio Version 17
VisualStudioVersion = 17.10.34928.147
MinimumVisualStudioVersion = 10.0.40219.1
Project("{FAE04EC0-301F-11D3-BF4B-00C04F79EFBC}") = "drc", "drc\drc.csproj", "{1976F51D-583F-4AE9-A2E1-060A172E7BBF}"
EndProject
Global
	GlobalSection(SolutionConfigurationPlatforms) = preSolution
		Debug|Any CPU = Debug|Any CPU
		Release|Any CPU = Release|Any CPU
	EndGlobalSection
	GlobalSection(ProjectConfigurationPlatforms) = postSolution
		{1976F51D-583F-4AE9-A2E1-060A172E7BBF}.Debug|Any CPU.ActiveCfg = Debug|Any CPU
		{1976F51D-583F-4AE9-A2E1-060A172E7BBF}.Debug|Any CPU.Build.0 = Debug|Any CPU
		{1976F51D-583F-4AE9-A2E1-060A172E7BBF}.Release|Any CPU.ActiveCfg = Release|Any CPU
		{1976F51D-583F-4AE9-A2E1-060A172E7BBF}.Release|Any CPU.Build.0 = Release|Any CPU
	EndGlobalSection
	GlobalSection(SolutionProperties) = preSolution
		HideSolutionNode = FALSE
	EndGlobalSection
	GlobalSection(ExtensibilityGlobals) = postSolution
		SolutionGuid = {027423F7-0911-4E01-A5C2-8ADA501DAB12}
	EndGlobalSection
EndGlobal
